
Microsoft Visual Studio Solution File, Format Version 12.00
# Visual Studio Version 17
VisualStudioVersion = 17.14.36414.22 d17.14
MinimumVisualStudioVersion = 10.0.40219.1
Project("{888888A0-9F3D-457C-B088-3A5042F75D52}") = "TrailerRecognition", "TrailerRecognition\TrailerRecognition.pyproj", "{83DD7A21-E95B-47B0-A4CC-8E4D40C13316}"
EndProject
Global
	GlobalSection(SolutionConfigurationPlatforms) = preSolution
		Debug|Any CPU = Debug|Any CPU
		Release|Any CPU = Release|Any CPU
	EndGlobalSection
	GlobalSection(ProjectConfigurationPlatforms) = postSolution
		{83DD7A21-E95B-47B0-A4CC-8E4D40C13316}.Debug|Any CPU.ActiveCfg = Debug|Any CPU
		{83DD7A21-E95B-47B0-A4CC-8E4D40C13316}.Release|Any CPU.ActiveCfg = Release|Any CPU
	EndGlobalSection
	GlobalSection(SolutionProperties) = preSolution
		HideSolutionNode = FALSE
	EndGlobalSection
	GlobalSection(ExtensibilityGlobals) = postSolution
		SolutionGuid = {7578BC90-BE65-44BD-85C2-1C6BB71D613A}
	EndGlobalSection
EndGlobal
